
Microsoft Visual Studio Solution File, Format Version 12.00
# Visual Studio 14
VisualStudioVersion = 14.0.25420.1
MinimumVisualStudioVersion = 10.0.40219.1
Project("{FAE04EC0-301F-11D3-BF4B-00C04F79EFBC}") = "SeleniumTests", "SeleniumTests\SeleniumTests.csproj", "{17604800-DA4D-4135-AB01-228DD110509E}"
EndProject
Project("{FAE04EC0-301F-11D3-BF4B-00C04F79EFBC}") = "BuildAgentCi", "BuildAgentCi\BuildAgentCi.csproj", "{FB3E5269-5F0D-4E43-A57B-D222927D2AEB}"
EndProject
Project("{2150E333-8FDC-42A3-9474-1A3956D46DE8}") = "Deploy", "Deploy", "{2ED4B449-FA61-4D94-9C16-A54383C29C41}"
	ProjectSection(SolutionItems) = preProject
		Deploy\docker-compose.yml = Deploy\docker-compose.yml
	EndProjectSection
EndProject
Global
	GlobalSection(SolutionConfigurationPlatforms) = preSolution
		Debug|Any CPU = Debug|Any CPU
		Release|Any CPU = Release|Any CPU
	EndGlobalSection
	GlobalSection(ProjectConfigurationPlatforms) = postSolution
		{17604800-DA4D-4135-AB01-228DD110509E}.Debug|Any CPU.ActiveCfg = Debug|Any CPU
		{17604800-DA4D-4135-AB01-228DD110509E}.Debug|Any CPU.Build.0 = Debug|Any CPU
		{17604800-DA4D-4135-AB01-228DD110509E}.Release|Any CPU.ActiveCfg = Release|Any CPU
		{17604800-DA4D-4135-AB01-228DD110509E}.Release|Any CPU.Build.0 = Release|Any CPU
		{FB3E5269-5F0D-4E43-A57B-D222927D2AEB}.Debug|Any CPU.ActiveCfg = Debug|Any CPU
		{FB3E5269-5F0D-4E43-A57B-D222927D2AEB}.Debug|Any CPU.Build.0 = Debug|Any CPU
		{FB3E5269-5F0D-4E43-A57B-D222927D2AEB}.Release|Any CPU.ActiveCfg = Release|Any CPU
		{FB3E5269-5F0D-4E43-A57B-D222927D2AEB}.Release|Any CPU.Build.0 = Release|Any CPU
	EndGlobalSection
	GlobalSection(SolutionProperties) = preSolution
		HideSolutionNode = FALSE
	EndGlobalSection
EndGlobal
